PODS:
  - CocoaLumberjack (3.7.0):
    - CocoaLumberjack/Core (= 3.7.0)
  - CocoaLumberjack/Core (3.7.0)
  - Kingfisher (5.15.7):
    - Kingfisher/Core (= 5.15.7)
  - Kingfisher/Core (5.15.7)
  - Realm (10.1.4):
    - Realm/Headers (= 10.1.4)
  - Realm/Headers (10.1.4)
  - RealmSwift (10.1.4):
    - Realm (= 10.1.4)
  - SVGKit (2.1.1):
    - CocoaLumberjack (~> 3.0)

DEPENDENCIES:
  - Kingfisher (~> 5.0)
  - RealmSwift
  - SVGKit

SPEC REPOS:
  trunk:
    - CocoaLumberjack
    - Kingfisher
    - Realm
    - RealmSwift
    - SVGKit

SPEC CHECKSUMS:
  CocoaLumberjack: e8955b9d337ac307103b0a34fd141c32f27e53c5
  Kingfisher: 6e1a13523fcb1c86924ce53affe4ac957e544d59
  Realm: 80f4fb2971ccb9adc27a47d0955ae8e533a7030b
  RealmSwift: 0e566ca714edb377bba8ea0811eafcea0b93734e
  SVGKit: 652cdf7bef8bec8564d04a8511d3ab50c7595fac

PODFILE CHECKSUM: d1fa545d3a8354ced5f30d93d6bb40c4ac926931

COCOAPODS: 1.10.0
